// !$*UTF8*$!
{
	archiveVersion = 1;
	classes = {
	};
	objectVersion = 50;
	objects = {

/* Begin PBXBuildFile section */
		7CE92D88238B8F7500065220 /* AppDelegate.swift in Sources */ = {isa = PBXBuildFile; fileRef = 7CE92D87238B8F7500065220 /* AppDelegate.swift */; };
		7CE92D8A238B8F7500065220 /* SceneDelegate.swift in Sources */ = {isa = PBXBuildFile; fileRef = 7CE92D89238B8F7500065220 /* SceneDelegate.swift */; };
		7CE92D8D238B8F7500065220 /* PracticaFinalMoviles.xcdatamodeld in Sources */ = {isa = PBXBuildFile; fileRef = 7CE92D8B238B8F7500065220 /* PracticaFinalMoviles.xcdatamodeld */; };
		7CE92D91238B8F7B00065220 /* Assets.xcassets in Resources */ = {isa = PBXBuildFile; fileRef = 7CE92D90238B8F7B00065220 /* Assets.xcassets */; };
		7CE92D94238B8F7B00065220 /* Preview Assets.xcassets in Resources */ = {isa = PBXBuildFile; fileRef = 7CE92D93238B8F7B00065220 /* Preview Assets.xcassets */; };
		7CE92D97238B8F7B00065220 /* LaunchScreen.storyboard in Resources */ = {isa = PBXBuildFile; fileRef = 7CE92D95238B8F7B00065220 /* LaunchScreen.storyboard */; };
		7CE92DA3238B901800065220 /* Persistence.swift in Sources */ = {isa = PBXBuildFile; fileRef = 7CE92DA2238B901800065220 /* Persistence.swift */; };
		7CE92DA5238B920B00065220 /* Contact.swift in Sources */ = {isa = PBXBuildFile; fileRef = 7CE92DA4238B920B00065220 /* Contact.swift */; };
		7CE92DA7238B939700065220 /* HomeView.swift in Sources */ = {isa = PBXBuildFile; fileRef = 7CE92DA6238B939600065220 /* HomeView.swift */; };
		7CE92DA9238B94D800065220 /* ContactView.swift in Sources */ = {isa = PBXBuildFile; fileRef = 7CE92DA8238B94D800065220 /* ContactView.swift */; };
		7CE92DAB238B960A00065220 /* ContactsView.swift in Sources */ = {isa = PBXBuildFile; fileRef = 7CE92DAA238B960A00065220 /* ContactsView.swift */; };
		7CE92DAD238B964800065220 /* NewContactView.swift in Sources */ = {isa = PBXBuildFile; fileRef = 7CE92DAC238B964800065220 /* NewContactView.swift */; };
		7CE92DAF238B973200065220 /* ContactViewModel.swift in Sources */ = {isa = PBXBuildFile; fileRef = 7CE92DAE238B973200065220 /* ContactViewModel.swift */; };
		7CE92DB1238BA4F900065220 /* ContactRowView.swift in Sources */ = {isa = PBXBuildFile; fileRef = 7CE92DB0238BA4F900065220 /* ContactRowView.swift */; };
/* End PBXBuildFile section */

/* Begin PBXFileReference section */
		7CE92D84238B8F7500065220 /* PracticaFinalMoviles.app */ = {isa = PBXFileReference; explicitFileType = wrapper.application; includeInIndex = 0; path = PracticaFinalMoviles.app; sourceTree = BUILT_PRODUCTS_DIR; };
		7CE92D87238B8F7500065220 /* AppDelegate.swift */ = {isa = PBXFileReference; lastKnownFileType = sourcecode.swift; path = AppDelegate.swift; sourceTree = "<group>"; };
		7CE92D89238B8F7500065220 /* SceneDelegate.swift */ = {isa = PBXFileReference; lastKnownFileType = sourcecode.swift; path = SceneDelegate.swift; sourceTree = "<group>"; };
		7CE92D8C238B8F7500065220 /* PracticaFinalMoviles.xcdatamodel */ = {isa = PBXFileReference; lastKnownFileType = wrapper.xcdatamodel; path = PracticaFinalMoviles.xcdatamodel; sourceTree = "<group>"; };
		7CE92D90238B8F7B00065220 /* Assets.xcassets */ = {isa = PBXFileReference; lastKnownFileType = folder.assetcatalog; path = Assets.xcassets; sourceTree = "<group>"; };
		7CE92D93238B8F7B00065220 /* Preview Assets.xcassets */ = {isa = PBXFileReference; lastKnownFileType = folder.assetcatalog; path = "Preview Assets.xcassets"; sourceTree = "<group>"; };
		7CE92D96238B8F7B00065220 /* Base */ = {isa = PBXFileReference; lastKnownFileType = file.storyboard; name = Base; path = Base.lproj/LaunchScreen.storyboard; sourceTree = "<group>"; };
		7CE92D98238B8F7B00065220 /* Info.plist */ = {isa = PBXFileReference; lastKnownFileType = text.plist.xml; path = Info.plist; sourceTree = "<group>"; };
		7CE92DA2238B901800065220 /* Persistence.swift */ = {isa = PBXFileReference; lastKnownFileType = sourcecode.swift; path = Persistence.swift; sourceTree = "<group>"; };
		7CE92DA4238B920B00065220 /* Contact.swift */ = {isa = PBXFileReference; lastKnownFileType = sourcecode.swift; path = Contact.swift; sourceTree = "<group>"; };
		7CE92DA6238B939600065220 /* HomeView.swift */ = {isa = PBXFileReference; lastKnownFileType = sourcecode.swift; path = HomeView.swift; sourceTree = "<group>"; };
		7CE92DA8238B94D800065220 /* ContactView.swift */ = {isa = PBXFileReference; lastKnownFileType = sourcecode.swift; path = ContactView.swift; sourceTree = "<group>"; };
		7CE92DAA238B960A00065220 /* ContactsView.swift */ = {isa = PBXFileReference; lastKnownFileType = sourcecode.swift; path = ContactsView.swift; sourceTree = "<group>"; };
		7CE92DAC238B964800065220 /* NewContactView.swift */ = {isa = PBXFileReference; lastKnownFileType = sourcecode.swift; path = NewContactView.swift; sourceTree = "<group>"; };
		7CE92DAE238B973200065220 /* ContactViewModel.swift */ = {isa = PBXFileReference; lastKnownFileType = sourcecode.swift; path = ContactViewModel.swift; sourceTree = "<group>"; };
		7CE92DB0238BA4F900065220 /* ContactRowView.swift */ = {isa = PBXFileReference; lastKnownFileType = sourcecode.swift; path = ContactRowView.swift; sourceTree = "<group>"; };
/* End PBXFileReference section */

/* Begin PBXFrameworksBuildPhase section */
		7CE92D81238B8F7500065220 /* Frameworks */ = {
			isa = PBXFrameworksBuildPhase;
			buildActionMask = 2147483647;
			files = (
			);
			runOnlyForDeploymentPostprocessing = 0;
		};
/* End PBXFrameworksBuildPhase section */

/* Begin PBXGroup section */
		7CE92D7B238B8F7500065220 = {
			isa = PBXGroup;
			children = (
				7CE92D86238B8F7500065220 /* PracticaFinalMoviles */,
				7CE92D85238B8F7500065220 /* Products */,
			);
			sourceTree = "<group>";
		};
		7CE92D85238B8F7500065220 /* Products */ = {
			isa = PBXGroup;
			children = (
				7CE92D84238B8F7500065220 /* PracticaFinalMoviles.app */,
			);
			name = Products;
			sourceTree = "<group>";
		};
		7CE92D86238B8F7500065220 /* PracticaFinalMoviles */ = {
			isa = PBXGroup;
			children = (
				7CE92DA1238B900A00065220 /* Persistence */,
				7CE92DA0238B900000065220 /* ViewModel */,
				7CE92D9F238B8FFA00065220 /* View */,
				7CE92D9E238B8FF200065220 /* Model */,
				7CE92D87238B8F7500065220 /* AppDelegate.swift */,
				7CE92D89238B8F7500065220 /* SceneDelegate.swift */,
				7CE92D90238B8F7B00065220 /* Assets.xcassets */,
				7CE92D95238B8F7B00065220 /* LaunchScreen.storyboard */,
				7CE92D98238B8F7B00065220 /* Info.plist */,
				7CE92D8B238B8F7500065220 /* PracticaFinalMoviles.xcdatamodeld */,
				7CE92D92238B8F7B00065220 /* Preview Content */,
			);
			path = PracticaFinalMoviles;
			sourceTree = "<group>";
		};
		7CE92D92238B8F7B00065220 /* Preview Content */ = {
			isa = PBXGroup;
			children = (
				7CE92D93238B8F7B00065220 /* Preview Assets.xcassets */,
			);
			path = "Preview Content";
			sourceTree = "<group>";
		};
		7CE92D9E238B8FF200065220 /* Model */ = {
			isa = PBXGroup;
			children = (
				7CE92DA4238B920B00065220 /* Contact.swift */,
			);
			path = Model;
			sourceTree = "<group>";
		};
		7CE92D9F238B8FFA00065220 /* View */ = {
			isa = PBXGroup;
			children = (
				7CE92DA6238B939600065220 /* HomeView.swift */,
				7CE92DA8238B94D800065220 /* ContactView.swift */,
				7CE92DAA238B960A00065220 /* ContactsView.swift */,
				7CE92DAC238B964800065220 /* NewContactView.swift */,
				7CE92DB0238BA4F900065220 /* ContactRowView.swift */,
			);
			path = View;
			sourceTree = "<group>";
		};
		7CE92DA0238B900000065220 /* ViewModel */ = {
			isa = PBXGroup;
			children = (
				7CE92DAE238B973200065220 /* ContactViewModel.swift */,
			);
			path = ViewModel;
			sourceTree = "<group>";
		};
		7CE92DA1238B900A00065220 /* Persistence */ = {
			isa = PBXGroup;
			children = (
				7CE92DA2238B901800065220 /* Persistence.swift */,
			);
			path = Persistence;
			sourceTree = "<group>";
		};
/* End PBXGroup section */

/* Begin PBXNativeTarget section */
		7CE92D83238B8F7500065220 /* PracticaFinalMoviles */ = {
			isa = PBXNativeTarget;
			buildConfigurationList = 7CE92D9B238B8F7B00065220 /* Build configuration list for PBXNativeTarget "PracticaFinalMoviles" */;
			buildPhases = (
				7CE92D80238B8F7500065220 /* Sources */,
				7CE92D81238B8F7500065220 /* Frameworks */,
				7CE92D82238B8F7500065220 /* Resources */,
			);
			buildRules = (
			);
			dependencies = (
			);
			name = PracticaFinalMoviles;
			productName = PracticaFinalMoviles;
			productReference = 7CE92D84238B8F7500065220 /* PracticaFinalMoviles.app */;
			productType = "com.apple.product-type.application";
		};
/* End PBXNativeTarget section */

/* Begin PBXProject section */
		7CE92D7C238B8F7500065220 /* Project object */ = {
			isa = PBXProject;
			attributes = {
				LastSwiftUpdateCheck = 1110;
				LastUpgradeCheck = 1110;
				ORGANIZATIONNAME = UPC;
				TargetAttributes = {
					7CE92D83238B8F7500065220 = {
						CreatedOnToolsVersion = 11.1;
					};
				};
			};
			buildConfigurationList = 7CE92D7F238B8F7500065220 /* Build configuration list for PBXProject "PracticaFinalMoviles" */;
			compatibilityVersion = "Xcode 9.3";
			developmentRegion = en;
			hasScannedForEncodings = 0;
			knownRegions = (
				en,
				Base,
			);
			mainGroup = 7CE92D7B238B8F7500065220;
			productRefGroup = 7CE92D85238B8F7500065220 /* Products */;
			projectDirPath = "";
			projectRoot = "";
			targets = (
				7CE92D83238B8F7500065220 /* PracticaFinalMoviles */,
			);
		};
/* End PBXProject section */

/* Begin PBXResourcesBuildPhase section */
		7CE92D82238B8F7500065220 /* Resources */ = {
			isa = PBXResourcesBuildPhase;
			buildActionMask = 2147483647;
			files = (
				7CE92D97238B8F7B00065220 /* LaunchScreen.storyboard in Resources */,
				7CE92D94238B8F7B00065220 /* Preview Assets.xcassets in Resources */,
				7CE92D91238B8F7B00065220 /* Assets.xcassets in Resources */,
			);
			runOnlyForDeploymentPostprocessing = 0;
		};
/* End PBXResourcesBuildPhase section */

/* Begin PBXSourcesBuildPhase section */
		7CE92D80238B8F7500065220 /* Sources */ = {
			isa = PBXSourcesBuildPhase;
			buildActionMask = 2147483647;
			files = (
				7CE92DA5238B920B00065220 /* Contact.swift in Sources */,
				7CE92D88238B8F7500065220 /* AppDelegate.swift in Sources */,
				7CE92D8A238B8F7500065220 /* SceneDelegate.swift in Sources */,
				7CE92DA7238B939700065220 /* HomeView.swift in Sources */,
				7CE92DA9238B94D800065220 /* ContactView.swift in Sources */,
				7CE92DB1238BA4F900065220 /* ContactRowView.swift in Sources */,
				7CE92DAD238B964800065220 /* NewContactView.swift in Sources */,
				7CE92D8D238B8F7500065220 /* PracticaFinalMoviles.xcdatamodeld in Sources */,
				7CE92DAF238B973200065220 /* ContactViewModel.swift in Sources */,
				7CE92DA3238B901800065220 /* Persistence.swift in Sources */,
				7CE92DAB238B960A00065220 /* ContactsView.swift in Sources */,
			);
			runOnlyForDeploymentPostprocessing = 0;
		};
/* End PBXSourcesBuildPhase section */

/* Begin PBXVariantGroup section */
		7CE92D95238B8F7B00065220 /* LaunchScreen.storyboard */ = {
			isa = PBXVariantGroup;
			children = (
				7CE92D96238B8F7B00065220 /* Base */,
			);
			name = LaunchScreen.storyboard;
			sourceTree = "<group>";
		};
/* End PBXVariantGroup section */

/* Begin XCBuildConfiguration section */
		7CE92D99238B8F7B00065220 /* Debug */ = {
			isa = XCBuildConfiguration;
			buildSettings = {
				ALWAYS_SEARCH_USER_PATHS = NO;
				CLANG_ANALYZER_NONNULL = YES;
				CLANG_ANALYZER_NUMBER_OBJECT_CONVERSION = YES_AGGRESSIVE;
				CLANG_CXX_LANGUAGE_STANDARD = "gnu++14";
				CLANG_CXX_LIBRARY = "libc++";
				CLANG_ENABLE_MODULES = YES;
				CLANG_ENABLE_OBJC_ARC = YES;
				CLANG_ENABLE_OBJC_WEAK = YES;
				CLANG_WARN_BLOCK_CAPTURE_AUTORELEASING = YES;
				CLANG_WARN_BOOL_CONVERSION = YES;
				CLANG_WARN_COMMA = YES;
				CLANG_WARN_CONSTANT_CONVERSION = YES;
				CLANG_WARN_DEPRECATED_OBJC_IMPLEMENTATIONS = YES;
				CLANG_WARN_DIRECT_OBJC_ISA_USAGE = YES_ERROR;
				CLANG_WARN_DOCUMENTATION_COMMENTS = YES;
				CLANG_WARN_EMPTY_BODY = YES;
				CLANG_WARN_ENUM_CONVERSION = YES;
				CLANG_WARN_INFINITE_RECURSION = YES;
				CLANG_WARN_INT_CONVERSION = YES;
				CLANG_WARN_NON_LITERAL_NULL_CONVERSION = YES;
				CLANG_WARN_OBJC_IMPLICIT_RETAIN_SELF = YES;
				CLANG_WARN_OBJC_LITERAL_CONVERSION = YES;
				CLANG_WARN_OBJC_ROOT_CLASS = YES_ERROR;
				CLANG_WARN_RANGE_LOOP_ANALYSIS = YES;
				CLANG_WARN_STRICT_PROTOTYPES = YES;
				CLANG_WARN_SUSPICIOUS_MOVE = YES;
				CLANG_WARN_UNGUARDED_AVAILABILITY = YES_AGGRESSIVE;
				CLANG_WARN_UNREACHABLE_CODE = YES;
				CLANG_WARN__DUPLICATE_METHOD_MATCH = YES;
				COPY_PHASE_STRIP = NO;
				DEBUG_INFORMATION_FORMAT = dwarf;
				ENABLE_STRICT_OBJC_MSGSEND = YES;
				ENABLE_TESTABILITY = YES;
				GCC_C_LANGUAGE_STANDARD = gnu11;
				GCC_DYNAMIC_NO_PIC = NO;
				GCC_NO_COMMON_BLOCKS = YES;
				GCC_OPTIMIZATION_LEVEL = 0;
				GCC_PREPROCESSOR_DEFINITIONS = (
					"DEBUG=1",
					"$(inherited)",
				);
				GCC_WARN_64_TO_32_BIT_CONVERSION = YES;
				GCC_WARN_ABOUT_RETURN_TYPE = YES_ERROR;
				GCC_WARN_UNDECLARED_SELECTOR = YES;
				GCC_WARN_UNINITIALIZED_AUTOS = YES_AGGRESSIVE;
				GCC_WARN_UNUSED_FUNCTION = YES;
				GCC_WARN_UNUSED_VARIABLE = YES;
				IPHONEOS_DEPLOYMENT_TARGET = 13.1;
				MTL_ENABLE_DEBUG_INFO = INCLUDE_SOURCE;
				MTL_FAST_MATH = YES;
				ONLY_ACTIVE_ARCH = YES;
				SDKROOT = iphoneos;
				SWIFT_ACTIVE_COMPILATION_CONDITIONS = DEBUG;
				SWIFT_OPTIMIZATION_LEVEL = "-Onone";
			};
			name = Debug;
		};
		7CE92D9A238B8F7B00065220 /* Release */ = {
			isa = XCBuildConfiguration;
			buildSettings = {
				ALWAYS_SEARCH_USER_PATHS = NO;
				CLANG_ANALYZER_NONNULL = YES;
				CLANG_ANALYZER_NUMBER_OBJECT_CONVERSION = YES_AGGRESSIVE;
				CLANG_CXX_LANGUAGE_STANDARD = "gnu++14";
				CLANG_CXX_LIBRARY = "libc++";
				CLANG_ENABLE_MODULES = YES;
				CLANG_ENABLE_OBJC_ARC = YES;
				CLANG_ENABLE_OBJC_WEAK = YES;
				CLANG_WARN_BLOCK_CAPTURE_AUTORELEASING = YES;
				CLANG_WARN_BOOL_CONVERSION = YES;
				CLANG_WARN_COMMA = YES;
				CLANG_WARN_CONSTANT_CONVERSION = YES;
				CLANG_WARN_DEPRECATED_OBJC_IMPLEMENTATIONS = YES;
				CLANG_WARN_DIRECT_OBJC_ISA_USAGE = YES_ERROR;
				CLANG_WARN_DOCUMENTATION_COMMENTS = YES;
				CLANG_WARN_EMPTY_BODY = YES;
				CLANG_WARN_ENUM_CONVERSION = YES;
				CLANG_WARN_INFINITE_RECURSION = YES;
				CLANG_WARN_INT_CONVERSION = YES;
				CLANG_WARN_NON_LITERAL_NULL_CONVERSION = YES;
				CLANG_WARN_OBJC_IMPLICIT_RETAIN_SELF = YES;
				CLANG_WARN_OBJC_LITERAL_CONVERSION = YES;
				CLANG_WARN_OBJC_ROOT_CLASS = YES_ERROR;
				CLANG_WARN_RANGE_LOOP_ANALYSIS = YES;
				CLANG_WARN_STRICT_PROTOTYPES = YES;
				CLANG_WARN_SUSPICIOUS_MOVE = YES;
				CLANG_WARN_UNGUARDED_AVAILABILITY = YES_AGGRESSIVE;
				CLANG_WARN_UNREACHABLE_CODE = YES;
				CLANG_WARN__DUPLICATE_METHOD_MATCH = YES;
				COPY_PHASE_STRIP = NO;
				DEBUG_INFORMATION_FORMAT = "dwarf-with-dsym";
				ENABLE_NS_ASSERTIONS = NO;
				ENABLE_STRICT_OBJC_MSGSEND = YES;
				GCC_C_LANGUAGE_STANDARD = gnu11;
				GCC_NO_COMMON_BLOCKS = YES;
				GCC_WARN_64_TO_32_BIT_CONVERSION = YES;
				GCC_WARN_ABOUT_RETURN_TYPE = YES_ERROR;
				GCC_WARN_UNDECLARED_SELECTOR = YES;
				GCC_WARN_UNINITIALIZED_AUTOS = YES_AGGRESSIVE;
				GCC_WARN_UNUSED_FUNCTION = YES;
				GCC_WARN_UNUSED_VARIABLE = YES;
				IPHONEOS_DEPLOYMENT_TARGET = 13.1;
				MTL_ENABLE_DEBUG_INFO = NO;
				MTL_FAST_MATH = YES;
				SDKROOT = iphoneos;
				SWIFT_COMPILATION_MODE = wholemodule;
				SWIFT_OPTIMIZATION_LEVEL = "-O";
				VALIDATE_PRODUCT = YES;
			};
			name = Release;
		};
		7CE92D9C238B8F7B00065220 /* Debug */ = {
			isa = XCBuildConfiguration;
			buildSettings = {
				ASSETCATALOG_COMPILER_APPICON_NAME = AppIcon;
				CODE_SIGN_STYLE = Automatic;
				DEVELOPMENT_ASSET_PATHS = "\"PracticaFinalMoviles/Preview Content\"";
				DEVELOPMENT_TEAM = XMCTR6DNX6;
				ENABLE_PREVIEWS = YES;
				INFOPLIST_FILE = PracticaFinalMoviles/Info.plist;
				LD_RUNPATH_SEARCH_PATHS = (
					"$(inherited)",
					"@executable_path/Frameworks",
				);
				PRODUCT_BUNDLE_IDENTIFIER = pe.edu.upc.PracticaFinalMoviles;
				PRODUCT_NAME = "$(TARGET_NAME)";
				SWIFT_VERSION = 5.0;
				TARGETED_DEVICE_FAMILY = "1,2";
			};
			name = Debug;
		};
		7CE92D9D238B8F7B00065220 /* Release */ = {
			isa = XCBuildConfiguration;
			buildSettings = {
				ASSETCATALOG_COMPILER_APPICON_NAME = AppIcon;
				CODE_SIGN_STYLE = Automatic;
				DEVELOPMENT_ASSET_PATHS = "\"PracticaFinalMoviles/Preview Content\"";
				DEVELOPMENT_TEAM = XMCTR6DNX6;
				ENABLE_PREVIEWS = YES;
				INFOPLIST_FILE = PracticaFinalMoviles/Info.plist;
				LD_RUNPATH_SEARCH_PATHS = (
					"$(inherited)",
					"@executable_path/Frameworks",
				);
				PRODUCT_BUNDLE_IDENTIFIER = pe.edu.upc.PracticaFinalMoviles;
				PRODUCT_NAME = "$(TARGET_NAME)";
				SWIFT_VERSION = 5.0;
				TARGETED_DEVICE_FAMILY = "1,2";
			};
			name = Release;
		};
/* End XCBuildConfiguration section */

/* Begin XCConfigurationList section */
		7CE92D7F238B8F7500065220 /* Build configuration list for PBXProject "PracticaFinalMoviles" */ = {
			isa = XCConfigurationList;
			buildConfigurations = (
				7CE92D99238B8F7B00065220 /* Debug */,
				7CE92D9A238B8F7B00065220 /* Release */,
			);
			defaultConfigurationIsVisible = 0;
			defaultConfigurationName = Release;
		};
		7CE92D9B238B8F7B00065220 /* Build configuration list for PBXNativeTarget "PracticaFinalMoviles" */ = {
			isa = XCConfigurationList;
			buildConfigurations = (
				7CE92D9C238B8F7B00065220 /* Debug */,
				7CE92D9D238B8F7B00065220 /* Release */,
			);
			defaultConfigurationIsVisible = 0;
			defaultConfigurationName = Release;
		};
/* End XCConfigurationList section */

/* Begin XCVersionGroup section */
		7CE92D8B238B8F7500065220 /* PracticaFinalMoviles.xcdatamodeld */ = {
			isa = XCVersionGroup;
			children = (
				7CE92D8C238B8F7500065220 /* PracticaFinalMoviles.xcdatamodel */,
			);
			currentVersion = 7CE92D8C238B8F7500065220 /* PracticaFinalMoviles.xcdatamodel */;
			path = PracticaFinalMoviles.xcdatamodeld;
			sourceTree = "<group>";
			versionGroupType = wrapper.xcdatamodel;
		};
/* End XCVersionGroup section */
	};
	rootObject = 7CE92D7C238B8F7500065220 /* Project object */;
}
